Microsoft Visual Studio Solution File, Format Version 12.00
# Visual Studio 15
VisualStudioVersion = 15.0.26124.0
MinimumVisualStudioVersion = 15.0.26124.0
Project("{2150E333-8FDC-42A3-9474-1A3956D46DE8}") = "src", "src", "{8AADBC4E-F2FA-4FAF-B5C4-85814F9AE50B}"
EndProject
Project("{9A19103F-16F7-4668-BE54-9A1E7A4F7556}") = "SearchAndCompareApi", "src\api\SearchAndCompareApi.csproj", "{77395BF7-765E-466A-A5EE-CD33F808D51A}"
EndProject
Project("{9A19103F-16F7-4668-BE54-9A1E7A4F7556}") = "SearchAndCompareDomain", "src\domain\SearchAndCompareDomain.csproj", "{B8FAC89F-C87D-4664-8757-803B6907240E}"
EndProject
Project("{9A19103F-16F7-4668-BE54-9A1E7A4F7556}") = "SearchAndCompareGeocoder", "src\geocoder\SearchAndCompareGeocoder.csproj", "{B8FAC89F-C87D-4664-8757-803B6907240D}"
EndProject
Project("{9A19103F-16F7-4668-BE54-9A1E7A4F7556}") = "SearchAndCompareApi.Tests", "tests\SearchAndCompareApi.Tests.csproj", "{A1371B3C-E6A9-4179-81D7-A895A6648CC7}"
EndProject
Project("{2150E333-8FDC-42A3-9474-1A3956D46DE8}") = "Solution Items", "Solution Items", "{873456DB-6DFB-45EA-A00C-E596CC073E60}"
	ProjectSection(SolutionItems) = preProject
		.gitignore = .gitignore
		.travis.yml = .travis.yml
		Dockerfile = Dockerfile
		Dockerfile.rhel7 = Dockerfile.rhel7
		global.json = global.json
		package.json = package.json
		README.md = README.md
		travis-build.sh = travis-build.sh
		travis-deploy.sh = travis-deploy.sh
	EndProjectSection
EndProject
Global
	GlobalSection(SolutionConfigurationPlatforms) = preSolution
		Debug|Any CPU = Debug|Any CPU
		Debug|x64 = Debug|x64
		Debug|x86 = Debug|x86
		Release|Any CPU = Release|Any CPU
		Release|x64 = Release|x64
		Release|x86 = Release|x86
	EndGlobalSection
	GlobalSection(ProjectConfigurationPlatforms) = postSolution
		{77395BF7-765E-466A-A5EE-CD33F808D51A}.Debug|Any CPU.ActiveCfg = Debug|Any CPU
		{77395BF7-765E-466A-A5EE-CD33F808D51A}.Debug|Any CPU.Build.0 = Debug|Any CPU
		{77395BF7-765E-466A-A5EE-CD33F808D51A}.Debug|x64.ActiveCfg = Debug|Any CPU
		{77395BF7-765E-466A-A5EE-CD33F808D51A}.Debug|x64.Build.0 = Debug|Any CPU
		{77395BF7-765E-466A-A5EE-CD33F808D51A}.Debug|x86.ActiveCfg = Debug|Any CPU
		{77395BF7-765E-466A-A5EE-CD33F808D51A}.Debug|x86.Build.0 = Debug|Any CPU
		{77395BF7-765E-466A-A5EE-CD33F808D51A}.Release|Any CPU.ActiveCfg = Release|Any CPU
		{77395BF7-765E-466A-A5EE-CD33F808D51A}.Release|Any CPU.Build.0 = Release|Any CPU
		{77395BF7-765E-466A-A5EE-CD33F808D51A}.Release|x64.ActiveCfg = Release|Any CPU
		{77395BF7-765E-466A-A5EE-CD33F808D51A}.Release|x64.Build.0 = Release|Any CPU
		{77395BF7-765E-466A-A5EE-CD33F808D51A}.Release|x86.ActiveCfg = Release|Any CPU
		{77395BF7-765E-466A-A5EE-CD33F808D51A}.Release|x86.Build.0 = Release|Any CPU
		{B8FAC89F-C87D-4664-8757-803B6907240E}.Debug|Any CPU.ActiveCfg = Debug|Any CPU
		{B8FAC89F-C87D-4664-8757-803B6907240E}.Debug|Any CPU.Build.0 = Debug|Any CPU
		{B8FAC89F-C87D-4664-8757-803B6907240E}.Debug|x64.ActiveCfg = Debug|Any CPU
		{B8FAC89F-C87D-4664-8757-803B6907240E}.Debug|x64.Build.0 = Debug|Any CPU
		{B8FAC89F-C87D-4664-8757-803B6907240E}.Debug|x86.ActiveCfg = Debug|Any CPU
		{B8FAC89F-C87D-4664-8757-803B6907240E}.Debug|x86.Build.0 = Debug|Any CPU
		{B8FAC89F-C87D-4664-8757-803B6907240E}.Release|Any CPU.ActiveCfg = Release|Any CPU
		{B8FAC89F-C87D-4664-8757-803B6907240E}.Release|Any CPU.Build.0 = Release|Any CPU
		{B8FAC89F-C87D-4664-8757-803B6907240E}.Release|x64.ActiveCfg = Release|Any CPU
		{B8FAC89F-C87D-4664-8757-803B6907240E}.Release|x64.Build.0 = Release|Any CPU
		{B8FAC89F-C87D-4664-8757-803B6907240E}.Release|x86.ActiveCfg = Release|Any CPU
		{B8FAC89F-C87D-4664-8757-803B6907240E}.Release|x86.Build.0 = Release|Any CPU
		{A1371B3C-E6A9-4179-81D7-A895A6648CC7}.Debug|Any CPU.ActiveCfg = Debug|Any CPU
		{A1371B3C-E6A9-4179-81D7-A895A6648CC7}.Debug|Any CPU.Build.0 = Debug|Any CPU
		{A1371B3C-E6A9-4179-81D7-A895A6648CC7}.Debug|x64.ActiveCfg = Debug|Any CPU
		{A1371B3C-E6A9-4179-81D7-A895A6648CC7}.Debug|x64.Build.0 = Debug|Any CPU
		{A1371B3C-E6A9-4179-81D7-A895A6648CC7}.Debug|x86.ActiveCfg = Debug|Any CPU
		{A1371B3C-E6A9-4179-81D7-A895A6648CC7}.Debug|x86.Build.0 = Debug|Any CPU
		{A1371B3C-E6A9-4179-81D7-A895A6648CC7}.Release|Any CPU.ActiveCfg = Release|Any CPU
		{A1371B3C-E6A9-4179-81D7-A895A6648CC7}.Release|Any CPU.Build.0 = Release|Any CPU
		{A1371B3C-E6A9-4179-81D7-A895A6648CC7}.Release|x64.ActiveCfg = Release|Any CPU
		{A1371B3C-E6A9-4179-81D7-A895A6648CC7}.Release|x64.Build.0 = Release|Any CPU
		{A1371B3C-E6A9-4179-81D7-A895A6648CC7}.Release|x86.ActiveCfg = Release|Any CPU
		{A1371B3C-E6A9-4179-81D7-A895A6648CC7}.Release|x86.Build.0 = Release|Any CPU
	EndGlobalSection
	GlobalSection(SolutionProperties) = preSolution
		HideSolutionNode = FALSE
	EndGlobalSection
	GlobalSection(NestedProjects) = preSolution
		{77395BF7-765E-466A-A5EE-CD33F808D51A} = {8AADBC4E-F2FA-4FAF-B5C4-85814F9AE50B}
		{B8FAC89F-C87D-4664-8757-803B6907240E} = {8AADBC4E-F2FA-4FAF-B5C4-85814F9AE50B}
	EndGlobalSection
	GlobalSection(ExtensibilityGlobals) = postSolution
		SolutionGuid = {7FDDA4EC-0616-4719-9FC2-3E2BA3D44364}
	EndGlobalSection
EndGlobal
